
Microsoft Visual Studio Solution File, Format Version 12.00
# Visual Studio Version 17
VisualStudioVersion = 17.6.33815.320
MinimumVisualStudioVersion = 10.0.40219.1
Project("{FAE04EC0-301F-11D3-BF4B-00C04F79EFBC}") = "WpfApp1", "WpfApp1\WpfApp1.csproj", "{5F559502-A62C-417D-8EE8-AA43CF1F1798}"
EndProject
Project("{FAE04EC0-301F-11D3-BF4B-00C04F79EFBC}") = "ClassLibrary1", "ClassLibrary1\ClassLibrary1.csproj", "{8A6A9723-366A-473C-B86B-DF012D524AA1}"
EndProject
Global
	GlobalSection(SolutionConfigurationPlatforms) = preSolution
		Debug|Any CPU = Debug|Any CPU
		Release|Any CPU = Release|Any CPU
	EndGlobalSection
	GlobalSection(ProjectConfigurationPlatforms) = postSolution
		{5F559502-A62C-417D-8EE8-AA43CF1F1798}.Debug|Any CPU.ActiveCfg = Debug|Any CPU
		{5F559502-A62C-417D-8EE8-AA43CF1F1798}.Debug|Any CPU.Build.0 = Debug|Any CPU
		{5F559502-A62C-417D-8EE8-AA43CF1F1798}.Release|Any CPU.ActiveCfg = Release|Any CPU
		{5F559502-A62C-417D-8EE8-AA43CF1F1798}.Release|Any CPU.Build.0 = Release|Any CPU
		{8A6A9723-366A-473C-B86B-DF012D524AA1}.Debug|Any CPU.ActiveCfg = Debug|Any CPU
		{8A6A9723-366A-473C-B86B-DF012D524AA1}.Debug|Any CPU.Build.0 = Debug|Any CPU
		{8A6A9723-366A-473C-B86B-DF012D524AA1}.Release|Any CPU.ActiveCfg = Release|Any CPU
		{8A6A9723-366A-473C-B86B-DF012D524AA1}.Release|Any CPU.Build.0 = Release|Any CPU
	EndGlobalSection
	GlobalSection(SolutionProperties) = preSolution
		HideSolutionNode = FALSE
	EndGlobalSection
	GlobalSection(ExtensibilityGlobals) = postSolution
		SolutionGuid = {95E65BD6-75D6-495A-A7AA-E5F91332CD45}
	EndGlobalSection
EndGlobal
